// !$*UTF8*$!
{
	archiveVersion = 1;
	classes = {
	};
	objectVersion = 55;
	objects = {

/* Begin PBXBuildFile section */
		ADC0980A276E5320006A8CA3 /* Tests_iOS.swift in Sources */ = {isa = PBXBuildFile; fileRef = ADC09809276E5320006A8CA3 /* Tests_iOS.swift */; };
		ADC0980C276E5320006A8CA3 /* Tests_iOSLaunchTests.swift in Sources */ = {isa = PBXBuildFile; fileRef = ADC0980B276E5320006A8CA3 /* Tests_iOSLaunchTests.swift */; };
		ADC09816276E5320006A8CA3 /* Tests_macOS.swift in Sources */ = {isa = PBXBuildFile; fileRef = ADC09815276E5320006A8CA3 /* Tests_macOS.swift */; };
		ADC09818276E5320006A8CA3 /* Tests_macOSLaunchTests.swift in Sources */ = {isa = PBXBuildFile; fileRef = ADC09817276E5320006A8CA3 /* Tests_macOSLaunchTests.swift */; };
		ADC09819276E5320006A8CA3 /* TripAdvisorSpalshApp.swift in Sources */ = {isa = PBXBuildFile; fileRef = ADC097F1276E5320006A8CA3 /* TripAdvisorSpalshApp.swift */; };
		ADC0981A276E5320006A8CA3 /* TripAdvisorSpalshApp.swift in Sources */ = {isa = PBXBuildFile; fileRef = ADC097F1276E5320006A8CA3 /* TripAdvisorSpalshApp.swift */; };
		ADC0981B276E5320006A8CA3 /* ContentView.swift in Sources */ = {isa = PBXBuildFile; fileRef = ADC097F2276E5320006A8CA3 /* ContentView.swift */; };
		ADC0981C276E5320006A8CA3 /* ContentView.swift in Sources */ = {isa = PBXBuildFile; fileRef = ADC097F2276E5320006A8CA3 /* ContentView.swift */; };
		ADC0981D276E5320006A8CA3 /* Assets.xcassets in Resources */ = {isa = PBXBuildFile; fileRef = ADC097F3276E5320006A8CA3 /* Assets.xcassets */; };
		ADC0981E276E5320006A8CA3 /* Assets.xcassets in Resources */ = {isa = PBXBuildFile; fileRef = ADC097F3276E5320006A8CA3 /* Assets.xcassets */; };
		ADEE2029276E68AC009936E8 /* SplashScreen.swift in Sources */ = {isa = PBXBuildFile; fileRef = ADEE2028276E68AC009936E8 /* SplashScreen.swift */; };
		ADEE202B276E6DBF009936E8 /* Home.swift in Sources */ = {isa = PBXBuildFile; fileRef = ADEE202A276E6DBF009936E8 /* Home.swift */; };
/* End PBXBuildFile section */

/* Begin PBXContainerItemProxy section */
		ADC09806276E5320006A8CA3 /* PBXContainerItemProxy */ = {
			isa = PBXContainerItemProxy;
			containerPortal = ADC097EC276E5320006A8CA3 /* Project object */;
			proxyType = 1;
			remoteGlobalIDString = ADC097F7276E5320006A8CA3;
			remoteInfo = "TripAdvisorSpalsh (iOS)";
		};
		ADC09812276E5320006A8CA3 /* PBXContainerItemProxy */ = {
			isa = PBXContainerItemProxy;
			containerPortal = ADC097EC276E5320006A8CA3 /* Project object */;
			proxyType = 1;
			remoteGlobalIDString = ADC097FD276E5320006A8CA3;
			remoteInfo = "TripAdvisorSpalsh (macOS)";
		};
/* End PBXContainerItemProxy section */

/* Begin PBXFileReference section */
		ADC097F1276E5320006A8CA3 /* TripAdvisorSpalshApp.swift */ = {isa = PBXFileReference; lastKnownFileType = sourcecode.swift; path = TripAdvisorSpalshApp.swift; sourceTree = "<group>"; };
		ADC097F2276E5320006A8CA3 /* ContentView.swift */ = {isa = PBXFileReference; lastKnownFileType = sourcecode.swift; path = ContentView.swift; sourceTree = "<group>"; };
		ADC097F3276E5320006A8CA3 /* Assets.xcassets */ = {isa = PBXFileReference; lastKnownFileType = folder.assetcatalog; path = Assets.xcassets; sourceTree = "<group>"; };
		ADC097F8276E5320006A8CA3 /* TripAdvisorSpalsh.app */ = {isa = PBXFileReference; explicitFileType = wrapper.application; includeInIndex = 0; path = TripAdvisorSpalsh.app; sourceTree = BUILT_PRODUCTS_DIR; };
		ADC097FE276E5320006A8CA3 /* TripAdvisorSpalsh.app */ = {isa = PBXFileReference; explicitFileType = wrapper.application; includeInIndex = 0; path = TripAdvisorSpalsh.app; sourceTree = BUILT_PRODUCTS_DIR; };
		ADC09800276E5320006A8CA3 /* macOS.entitlements */ = {isa = PBXFileReference; lastKnownFileType = text.plist.entitlements; path = macOS.entitlements; sourceTree = "<group>"; };
		ADC09805276E5320006A8CA3 /* Tests iOS.xctest */ = {isa = PBXFileReference; explicitFileType = wrapper.cfbundle; includeInIndex = 0; path = "Tests iOS.xctest"; sourceTree = BUILT_PRODUCTS_DIR; };
		ADC09809276E5320006A8CA3 /* Tests_iOS.swift */ = {isa = PBXFileReference; lastKnownFileType = sourcecode.swift; path = Tests_iOS.swift; sourceTree = "<group>"; };
		ADC0980B276E5320006A8CA3 /* Tests_iOSLaunchTests.swift */ = {isa = PBXFileReference; lastKnownFileType = sourcecode.swift; path = Tests_iOSLaunchTests.swift; sourceTree = "<group>"; };
		ADC09811276E5320006A8CA3 /* Tests macOS.xctest */ = {isa = PBXFileReference; explicitFileType = wrapper.cfbundle; includeInIndex = 0; path = "Tests macOS.xctest"; sourceTree = BUILT_PRODUCTS_DIR; };
		ADC09815276E5320006A8CA3 /* Tests_macOS.swift */ = {isa = PBXFileReference; lastKnownFileType = sourcecode.swift; path = Tests_macOS.swift; sourceTree = "<group>"; };
		ADC09817276E5320006A8CA3 /* Tests_macOSLaunchTests.swift */ = {isa = PBXFileReference; lastKnownFileType = sourcecode.swift; path = Tests_macOSLaunchTests.swift; sourceTree = "<group>"; };
		ADEE2028276E68AC009936E8 /* SplashScreen.swift */ = {isa = PBXFileReference; lastKnownFileType = sourcecode.swift; path = SplashScreen.swift; sourceTree = "<group>"; };
		ADEE202A276E6DBF009936E8 /* Home.swift */ = {isa = PBXFileReference; lastKnownFileType = sourcecode.swift; path = Home.swift; sourceTree = "<group>"; };
/* End PBXFileReference section */

/* Begin PBXFrameworksBuildPhase section */
		ADC097F5276E5320006A8CA3 /* Frameworks */ = {
			isa = PBXFrameworksBuildPhase;
			buildActionMask = 2147483647;
			files = (
			);
			runOnlyForDeploymentPostprocessing = 0;
		};
		ADC097FB276E5320006A8CA3 /* Frameworks */ = {
			isa = PBXFrameworksBuildPhase;
			buildActionMask = 2147483647;
			files = (
			);
			runOnlyForDeploymentPostprocessing = 0;
		};
		ADC09802276E5320006A8CA3 /* Frameworks */ = {
			isa = PBXFrameworksBuildPhase;
			buildActionMask = 2147483647;
			files = (
			);
			runOnlyForDeploymentPostprocessing = 0;
		};
		ADC0980E276E5320006A8CA3 /* Frameworks */ = {
			isa = PBXFrameworksBuildPhase;
			buildActionMask = 2147483647;
			files = (
			);
			runOnlyForDeploymentPostprocessing = 0;
		};
/* End PBXFrameworksBuildPhase section */

/* Begin PBXGroup section */
		ADC097EB276E5320006A8CA3 = {
			isa = PBXGroup;
			children = (
				ADC097F0276E5320006A8CA3 /* Shared */,
				ADC097FF276E5320006A8CA3 /* macOS */,
				ADC09808276E5320006A8CA3 /* Tests iOS */,
				ADC09814276E5320006A8CA3 /* Tests macOS */,
				ADC097F9276E5320006A8CA3 /* Products */,
			);
			sourceTree = "<group>";
		};
		ADC097F0276E5320006A8CA3 /* Shared */ = {
			isa = PBXGroup;
			children = (
				ADEE2027276E68A5009936E8 /* View */,
				ADC097F1276E5320006A8CA3 /* TripAdvisorSpalshApp.swift */,
				ADC097F2276E5320006A8CA3 /* ContentView.swift */,
				ADC097F3276E5320006A8CA3 /* Assets.xcassets */,
			);
			path = Shared;
			sourceTree = "<group>";
		};
		ADC097F9276E5320006A8CA3 /* Products */ = {
			isa = PBXGroup;
			children = (
				ADC097F8276E5320006A8CA3 /* TripAdvisorSpalsh.app */,
				ADC097FE276E5320006A8CA3 /* TripAdvisorSpalsh.app */,
				ADC09805276E5320006A8CA3 /* Tests iOS.xctest */,
				ADC09811276E5320006A8CA3 /* Tests macOS.xctest */,
			);
			name = Products;
			sourceTree = "<group>";
		};
		ADC097FF276E5320006A8CA3 /* macOS */ = {
			isa = PBXGroup;
			children = (
				ADC09800276E5320006A8CA3 /* macOS.entitlements */,
			);
			path = macOS;
			sourceTree = "<group>";
		};
		ADC09808276E5320006A8CA3 /* Tests iOS */ = {
			isa = PBXGroup;
			children = (
				ADC09809276E5320006A8CA3 /* Tests_iOS.swift */,
				ADC0980B276E5320006A8CA3 /* Tests_iOSLaunchTests.swift */,
			);
			path = "Tests iOS";
			sourceTree = "<group>";
		};
		ADC09814276E5320006A8CA3 /* Tests macOS */ = {
			isa = PBXGroup;
			children = (
				ADC09815276E5320006A8CA3 /* Tests_macOS.swift */,
				ADC09817276E5320006A8CA3 /* Tests_macOSLaunchTests.swift */,
			);
			path = "Tests macOS";
			sourceTree = "<group>";
		};
		ADEE2027276E68A5009936E8 /* View */ = {
			isa = PBXGroup;
			children = (
				ADEE2028276E68AC009936E8 /* SplashScreen.swift */,
				ADEE202A276E6DBF009936E8 /* Home.swift */,
			);
			path = View;
			sourceTree = "<group>";
		};
/* End PBXGroup section */

/* Begin PBXNativeTarget section */
		ADC097F7276E5320006A8CA3 /* TripAdvisorSpalsh (iOS) */ = {
			isa = PBXNativeTarget;
			buildConfigurationList = ADC09821276E5320006A8CA3 /* Build configuration list for PBXNativeTarget "TripAdvisorSpalsh (iOS)" */;
			buildPhases = (
				ADC097F4276E5320006A8CA3 /* Sources */,
				ADC097F5276E5320006A8CA3 /* Frameworks */,
				ADC097F6276E5320006A8CA3 /* Resources */,
			);
			buildRules = (
			);
			dependencies = (
			);
			name = "TripAdvisorSpalsh (iOS)";
			productName = "TripAdvisorSpalsh (iOS)";
			productReference = ADC097F8276E5320006A8CA3 /* TripAdvisorSpalsh.app */;
			productType = "com.apple.product-type.application";
		};
		ADC097FD276E5320006A8CA3 /* TripAdvisorSpalsh (macOS) */ = {
			isa = PBXNativeTarget;
			buildConfigurationList = ADC09824276E5320006A8CA3 /* Build configuration list for PBXNativeTarget "TripAdvisorSpalsh (macOS)" */;
			buildPhases = (
				ADC097FA276E5320006A8CA3 /* Sources */,
				ADC097FB276E5320006A8CA3 /* Frameworks */,
				ADC097FC276E5320006A8CA3 /* Resources */,
			);
			buildRules = (
			);
			dependencies = (
			);
			name = "TripAdvisorSpalsh (macOS)";
			productName = "TripAdvisorSpalsh (macOS)";
			productReference = ADC097FE276E5320006A8CA3 /* TripAdvisorSpalsh.app */;
			productType = "com.apple.product-type.application";
		};
		ADC09804276E5320006A8CA3 /* Tests iOS */ = {
			isa = PBXNativeTarget;
			buildConfigurationList = ADC09827276E5320006A8CA3 /* Build configuration list for PBXNativeTarget "Tests iOS" */;
			buildPhases = (
				ADC09801276E5320006A8CA3 /* Sources */,
				ADC09802276E5320006A8CA3 /* Frameworks */,
				ADC09803276E5320006A8CA3 /* Resources */,
			);
			buildRules = (
			);
			dependencies = (
				ADC09807276E5320006A8CA3 /* PBXTargetDependency */,
			);
			name = "Tests iOS";
			productName = "Tests iOS";
			productReference = ADC09805276E5320006A8CA3 /* Tests iOS.xctest */;
			productType = "com.apple.product-type.bundle.ui-testing";
		};
		ADC09810276E5320006A8CA3 /* Tests macOS */ = {
			isa = PBXNativeTarget;
			buildConfigurationList = ADC0982A276E5320006A8CA3 /* Build configuration list for PBXNativeTarget "Tests macOS" */;
			buildPhases = (
				ADC0980D276E5320006A8CA3 /* Sources */,
				ADC0980E276E5320006A8CA3 /* Frameworks */,
				ADC0980F276E5320006A8CA3 /* Resources */,
			);
			buildRules = (
			);
			dependencies = (
				ADC09813276E5320006A8CA3 /* PBXTargetDependency */,
			);
			name = "Tests macOS";
			productName = "Tests macOS";
			productReference = ADC09811276E5320006A8CA3 /* Tests macOS.xctest */;
			productType = "com.apple.product-type.bundle.ui-testing";
		};
/* End PBXNativeTarget section */

/* Begin PBXProject section */
		ADC097EC276E5320006A8CA3 /* Project object */ = {
			isa = PBXProject;
			attributes = {
				BuildIndependentTargetsInParallel = 1;
				LastSwiftUpdateCheck = 1320;
				LastUpgradeCheck = 1320;
				TargetAttributes = {
					ADC097F7276E5320006A8CA3 = {
						CreatedOnToolsVersion = 13.2;
					};
					ADC097FD276E5320006A8CA3 = {
						CreatedOnToolsVersion = 13.2;
					};
					ADC09804276E5320006A8CA3 = {
						CreatedOnToolsVersion = 13.2;
						TestTargetID = ADC097F7276E5320006A8CA3;
					};
					ADC09810276E5320006A8CA3 = {
						CreatedOnToolsVersion = 13.2;
						TestTargetID = ADC097FD276E5320006A8CA3;
					};
				};
			};
			buildConfigurationList = ADC097EF276E5320006A8CA3 /* Build configuration list for PBXProject "TripAdvisorSpalsh" */;
			compatibilityVersion = "Xcode 13.0";
			developmentRegion = en;
			hasScannedForEncodings = 0;
			knownRegions = (
				en,
				Base,
			);
			mainGroup = ADC097EB276E5320006A8CA3;
			productRefGroup = ADC097F9276E5320006A8CA3 /* Products */;
			projectDirPath = "";
			projectRoot = "";
			targets = (
				ADC097F7276E5320006A8CA3 /* TripAdvisorSpalsh (iOS) */,
				ADC097FD276E5320006A8CA3 /* TripAdvisorSpalsh (macOS) */,
				ADC09804276E5320006A8CA3 /* Tests iOS */,
				ADC09810276E5320006A8CA3 /* Tests macOS */,
			);
		};
/* End PBXProject section */

/* Begin PBXResourcesBuildPhase section */
		ADC097F6276E5320006A8CA3 /* Resources */ = {
			isa = PBXResourcesBuildPhase;
			buildActionMask = 2147483647;
			files = (
				ADC0981D276E5320006A8CA3 /* Assets.xcassets in Resources */,
			);
			runOnlyForDeploymentPostprocessing = 0;
		};
		ADC097FC276E5320006A8CA3 /* Resources */ = {
			isa = PBXResourcesBuildPhase;
			buildActionMask = 2147483647;
			files = (
				ADC0981E276E5320006A8CA3 /* Assets.xcassets in Resources */,
			);
			runOnlyForDeploymentPostprocessing = 0;
		};
		ADC09803276E5320006A8CA3 /* Resources */ = {
			isa = PBXResourcesBuildPhase;
			buildActionMask = 2147483647;
			files = (
			);
			runOnlyForDeploymentPostprocessing = 0;
		};
		ADC0980F276E5320006A8CA3 /* Resources */ = {
			isa = PBXResourcesBuildPhase;
			buildActionMask = 2147483647;
			files = (
			);
			runOnlyForDeploymentPostprocessing = 0;
		};
/* End PBXResourcesBuildPhase section */

/* Begin PBXSourcesBuildPhase section */
		ADC097F4276E5320006A8CA3 /* Sources */ = {
			isa = PBXSourcesBuildPhase;
			buildActionMask = 2147483647;
			files = (
				ADEE2029276E68AC009936E8 /* SplashScreen.swift in Sources */,
				ADC0981B276E5320006A8CA3 /* ContentView.swift in Sources */,
				ADEE202B276E6DBF009936E8 /* Home.swift in Sources */,
				ADC09819276E5320006A8CA3 /* TripAdvisorSpalshApp.swift in Sources */,
			);
			runOnlyForDeploymentPostprocessing = 0;
		};
		ADC097FA276E5320006A8CA3 /* Sources */ = {
			isa = PBXSourcesBuildPhase;
			buildActionMask = 2147483647;
			files = (
				ADC0981C276E5320006A8CA3 /* ContentView.swift in Sources */,
				ADC0981A276E5320006A8CA3 /* TripAdvisorSpalshApp.swift in Sources */,
			);
			runOnlyForDeploymentPostprocessing = 0;
		};
		ADC09801276E5320006A8CA3 /* Sources */ = {
			isa = PBXSourcesBuildPhase;
			buildActionMask = 2147483647;
			files = (
				ADC0980C276E5320006A8CA3 /* Tests_iOSLaunchTests.swift in Sources */,
				ADC0980A276E5320006A8CA3 /* Tests_iOS.swift in Sources */,
			);
			runOnlyForDeploymentPostprocessing = 0;
		};
		ADC0980D276E5320006A8CA3 /* Sources */ = {
			isa = PBXSourcesBuildPhase;
			buildActionMask = 2147483647;
			files = (
				ADC09818276E5320006A8CA3 /* Tests_macOSLaunchTests.swift in Sources */,
				ADC09816276E5320006A8CA3 /* Tests_macOS.swift in Sources */,
			);
			runOnlyForDeploymentPostprocessing = 0;
		};
/* End PBXSourcesBuildPhase section */

/* Begin PBXTargetDependency section */
		ADC09807276E5320006A8CA3 /* PBXTargetDependency */ = {
			isa = PBXTargetDependency;
			target = ADC097F7276E5320006A8CA3 /* TripAdvisorSpalsh (iOS) */;
			targetProxy = ADC09806276E5320006A8CA3 /* PBXContainerItemProxy */;
		};
		ADC09813276E5320006A8CA3 /* PBXTargetDependency */ = {
			isa = PBXTargetDependency;
			target = ADC097FD276E5320006A8CA3 /* TripAdvisorSpalsh (macOS) */;
			targetProxy = ADC09812276E5320006A8CA3 /* PBXContainerItemProxy */;
		};
/* End PBXTargetDependency section */

/* Begin XCBuildConfiguration section */
		ADC0981F276E5320006A8CA3 /* Debug */ = {
			isa = XCBuildConfiguration;
			buildSettings = {
				ALWAYS_SEARCH_USER_PATHS = NO;
				CLANG_ANALYZER_NONNULL = YES;
				CLANG_ANALYZER_NUMBER_OBJECT_CONVERSION = YES_AGGRESSIVE;
				CLANG_CXX_LANGUAGE_STANDARD = "gnu++17";
				CLANG_CXX_LIBRARY = "libc++";
				CLANG_ENABLE_MODULES = YES;
				CLANG_ENABLE_OBJC_ARC = YES;
				CLANG_ENABLE_OBJC_WEAK = YES;
				CLANG_WARN_BLOCK_CAPTURE_AUTORELEASING = YES;
				CLANG_WARN_BOOL_CONVERSION = YES;
				CLANG_WARN_COMMA = YES;
				CLANG_WARN_CONSTANT_CONVERSION = YES;
				CLANG_WARN_DEPRECATED_OBJC_IMPLEMENTATIONS = YES;
				CLANG_WARN_DIRECT_OBJC_ISA_USAGE = YES_ERROR;
				CLANG_WARN_DOCUMENTATION_COMMENTS = YES;
				CLANG_WARN_EMPTY_BODY = YES;
				CLANG_WARN_ENUM_CONVERSION = YES;
				CLANG_WARN_INFINITE_RECURSION = YES;
				CLANG_WARN_INT_CONVERSION = YES;
				CLANG_WARN_NON_LITERAL_NULL_CONVERSION = YES;
				CLANG_WARN_OBJC_IMPLICIT_RETAIN_SELF = YES;
				CLANG_WARN_OBJC_LITERAL_CONVERSION = YES;
				CLANG_WARN_OBJC_ROOT_CLASS = YES_ERROR;
				CLANG_WARN_QUOTED_INCLUDE_IN_FRAMEWORK_HEADER = YES;
				CLANG_WARN_RANGE_LOOP_ANALYSIS = YES;
				CLANG_WARN_STRICT_PROTOTYPES = YES;
				CLANG_WARN_SUSPICIOUS_MOVE = YES;
				CLANG_WARN_UNGUARDED_AVAILABILITY = YES_AGGRESSIVE;
				CLANG_WARN_UNREACHABLE_CODE = YES;
				CLANG_WARN__DUPLICATE_METHOD_MATCH = YES;
				COPY_PHASE_STRIP = NO;
				DEBUG_INFORMATION_FORMAT = dwarf;
				ENABLE_STRICT_OBJC_MSGSEND = YES;
				ENABLE_TESTABILITY = YES;
				GCC_C_LANGUAGE_STANDARD = gnu11;
				GCC_DYNAMIC_NO_PIC = NO;
				GCC_NO_COMMON_BLOCKS = YES;
				GCC_OPTIMIZATION_LEVEL = 0;
				GCC_PREPROCESSOR_DEFINITIONS = (
					"DEBUG=1",
					"$(inherited)",
				);
				GCC_WARN_64_TO_32_BIT_CONVERSION = YES;
				GCC_WARN_ABOUT_RETURN_TYPE = YES_ERROR;
				GCC_WARN_UNDECLARED_SELECTOR = YES;
				GCC_WARN_UNINITIALIZED_AUTOS = YES_AGGRESSIVE;
				GCC_WARN_UNUSED_FUNCTION = YES;
				GCC_WARN_UNUSED_VARIABLE = YES;
				MTL_ENABLE_DEBUG_INFO = INCLUDE_SOURCE;
				MTL_FAST_MATH = YES;
				ONLY_ACTIVE_ARCH = YES;
				SWIFT_ACTIVE_COMPILATION_CONDITIONS = DEBUG;
				SWIFT_OPTIMIZATION_LEVEL = "-Onone";
			};
			name = Debug;
		};
		ADC09820276E5320006A8CA3 /* Release */ = {
			isa = XCBuildConfiguration;
			buildSettings = {
				ALWAYS_SEARCH_USER_PATHS = NO;
				CLANG_ANALYZER_NONNULL = YES;
				CLANG_ANALYZER_NUMBER_OBJECT_CONVERSION = YES_AGGRESSIVE;
				CLANG_CXX_LANGUAGE_STANDARD = "gnu++17";
				CLANG_CXX_LIBRARY = "libc++";
				CLANG_ENABLE_MODULES = YES;
				CLANG_ENABLE_OBJC_ARC = YES;
				CLANG_ENABLE_OBJC_WEAK = YES;
				CLANG_WARN_BLOCK_CAPTURE_AUTORELEASING = YES;
				CLANG_WARN_BOOL_CONVERSION = YES;
				CLANG_WARN_COMMA = YES;
				CLANG_WARN_CONSTANT_CONVERSION = YES;
				CLANG_WARN_DEPRECATED_OBJC_IMPLEMENTATIONS = YES;
				CLANG_WARN_DIRECT_OBJC_ISA_USAGE = YES_ERROR;
				CLANG_WARN_DOCUMENTATION_COMMENTS = YES;
				CLANG_WARN_EMPTY_BODY = YES;
				CLANG_WARN_ENUM_CONVERSION = YES;
				CLANG_WARN_INFINITE_RECURSION = YES;
				CLANG_WARN_INT_CONVERSION = YES;
				CLANG_WARN_NON_LITERAL_NULL_CONVERSION = YES;
				CLANG_WARN_OBJC_IMPLICIT_RETAIN_SELF = YES;
				CLANG_WARN_OBJC_LITERAL_CONVERSION = YES;
				CLANG_WARN_OBJC_ROOT_CLASS = YES_ERROR;
				CLANG_WARN_QUOTED_INCLUDE_IN_FRAMEWORK_HEADER = YES;
				CLANG_WARN_RANGE_LOOP_ANALYSIS = YES;
				CLANG_WARN_STRICT_PROTOTYPES = YES;
				CLANG_WARN_SUSPICIOUS_MOVE = YES;
				CLANG_WARN_UNGUARDED_AVAILABILITY = YES_AGGRESSIVE;
				CLANG_WARN_UNREACHABLE_CODE = YES;
				CLANG_WARN__DUPLICATE_METHOD_MATCH = YES;
				COPY_PHASE_STRIP = NO;
				DEBUG_INFORMATION_FORMAT = "dwarf-with-dsym";
				ENABLE_NS_ASSERTIONS = NO;
				ENABLE_STRICT_OBJC_MSGSEND = YES;
				GCC_C_LANGUAGE_STANDARD = gnu11;
				GCC_NO_COMMON_BLOCKS = YES;
				GCC_WARN_64_TO_32_BIT_CONVERSION = YES;
				GCC_WARN_ABOUT_RETURN_TYPE = YES_ERROR;
				GCC_WARN_UNDECLARED_SELECTOR = YES;
				GCC_WARN_UNINITIALIZED_AUTOS = YES_AGGRESSIVE;
				GCC_WARN_UNUSED_FUNCTION = YES;
				GCC_WARN_UNUSED_VARIABLE = YES;
				MTL_ENABLE_DEBUG_INFO = NO;
				MTL_FAST_MATH = YES;
				SWIFT_COMPILATION_MODE = wholemodule;
				SWIFT_OPTIMIZATION_LEVEL = "-O";
			};
			name = Release;
		};
		ADC09822276E5320006A8CA3 /* Debug */ = {
			isa = XCBuildConfiguration;
			buildSettings = {
				ASSETCATALOG_COMPILER_APPICON_NAME = AppIcon;
				ASSETCATALOG_COMPILER_GLOBAL_ACCENT_COLOR_NAME = AccentColor;
				CODE_SIGN_STYLE = Automatic;
				CURRENT_PROJECT_VERSION = 1;
				ENABLE_PREVIEWS = YES;
				GENERATE_INFOPLIST_FILE = YES;
				INFOPLIST_KEY_UIApplicationSceneManifest_Generation = YES;
				INFOPLIST_KEY_UIApplicationSupportsIndirectInputEvents = YES;
				INFOPLIST_KEY_UILaunchScreen_Generation = YES;
				INFOPLIST_KEY_UISupportedInterfaceOrientations_iPad = "UIInterfaceOrientationPortrait UIInterfaceOrientationPortraitUpsideDown UIInterfaceOrientationLandscapeLeft UIInterfaceOrientationLandscapeRight";
				INFOPLIST_KEY_UISupportedInterfaceOrientations_iPhone = "UIInterfaceOrientationPortrait UIInterfaceOrientationLandscapeLeft UIInterfaceOrientationLandscapeRight";
				IPHONEOS_DEPLOYMENT_TARGET = 15.2;
				LD_RUNPATH_SEARCH_PATHS = (
					"$(inherited)",
					"@executable_path/Frameworks",
				);
				MARKETING_VERSION = 1.0;
				PRODUCT_BUNDLE_IDENTIFIER = com.kavsoft.TripAdvisorSpalsh;
				PRODUCT_NAME = TripAdvisorSpalsh;
				SDKROOT = iphoneos;
				SWIFT_EMIT_LOC_STRINGS = YES;
				SWIFT_VERSION = 5.0;
				TARGETED_DEVICE_FAMILY = "1,2";
			};
			name = Debug;
		};
		ADC09823276E5320006A8CA3 /* Release */ = {
			isa = XCBuildConfiguration;
			buildSettings = {
				ASSETCATALOG_COMPILER_APPICON_NAME = AppIcon;
				ASSETCATALOG_COMPILER_GLOBAL_ACCENT_COLOR_NAME = AccentColor;
				CODE_SIGN_STYLE = Automatic;
				CURRENT_PROJECT_VERSION = 1;
				ENABLE_PREVIEWS = YES;
				GENERATE_INFOPLIST_FILE = YES;
				INFOPLIST_KEY_UIApplicationSceneManifest_Generation = YES;
				INFOPLIST_KEY_UIApplicationSupportsIndirectInputEvents = YES;
				INFOPLIST_KEY_UILaunchScreen_Generation = YES;
				INFOPLIST_KEY_UISupportedInterfaceOrientations_iPad = "UIInterfaceOrientationPortrait UIInterfaceOrientationPortraitUpsideDown UIInterfaceOrientationLandscapeLeft UIInterfaceOrientationLandscapeRight";
				INFOPLIST_KEY_UISupportedInterfaceOrientations_iPhone = "UIInterfaceOrientationPortrait UIInterfaceOrientationLandscapeLeft UIInterfaceOrientationLandscapeRight";
				IPHONEOS_DEPLOYMENT_TARGET = 15.2;
				LD_RUNPATH_SEARCH_PATHS = (
					"$(inherited)",
					"@executable_path/Frameworks",
				);
				MARKETING_VERSION = 1.0;
				PRODUCT_BUNDLE_IDENTIFIER = com.kavsoft.TripAdvisorSpalsh;
				PRODUCT_NAME = TripAdvisorSpalsh;
				SDKROOT = iphoneos;
				SWIFT_EMIT_LOC_STRINGS = YES;
				SWIFT_VERSION = 5.0;
				TARGETED_DEVICE_FAMILY = "1,2";
				VALIDATE_PRODUCT = YES;
			};
			name = Release;
		};
		ADC09825276E5320006A8CA3 /* Debug */ = {
			isa = XCBuildConfiguration;
			buildSettings = {
				ASSETCATALOG_COMPILER_APPICON_NAME = AppIcon;
				ASSETCATALOG_COMPILER_GLOBAL_ACCENT_COLOR_NAME = AccentColor;
				CODE_SIGN_ENTITLEMENTS = macOS/macOS.entitlements;
				CODE_SIGN_STYLE = Automatic;
				COMBINE_HIDPI_IMAGES = YES;
				CURRENT_PROJECT_VERSION = 1;
				ENABLE_PREVIEWS = YES;
				GENERATE_INFOPLIST_FILE = YES;
				INFOPLIST_KEY_NSHumanReadableCopyright = "";
				LD_RUNPATH_SEARCH_PATHS = (
					"$(inherited)",
					"@executable_path/../Frameworks",
				);
				MACOSX_DEPLOYMENT_TARGET = 12.0;
				MARKETING_VERSION = 1.0;
				PRODUCT_BUNDLE_IDENTIFIER = com.kavsoft.TripAdvisorSpalsh;
				PRODUCT_NAME = TripAdvisorSpalsh;
				SDKROOT = macosx;
				SWIFT_EMIT_LOC_STRINGS = YES;
				SWIFT_VERSION = 5.0;
			};
			name = Debug;
		};
		ADC09826276E5320006A8CA3 /* Release */ = {
			isa = XCBuildConfiguration;
			buildSettings = {
				ASSETCATALOG_COMPILER_APPICON_NAME = AppIcon;
				ASSETCATALOG_COMPILER_GLOBAL_ACCENT_COLOR_NAME = AccentColor;
				CODE_SIGN_ENTITLEMENTS = macOS/macOS.entitlements;
				CODE_SIGN_STYLE = Automatic;
				COMBINE_HIDPI_IMAGES = YES;
				CURRENT_PROJECT_VERSION = 1;
				ENABLE_PREVIEWS = YES;
				GENERATE_INFOPLIST_FILE = YES;
				INFOPLIST_KEY_NSHumanReadableCopyright = "";
				LD_RUNPATH_SEARCH_PATHS = (
					"$(inherited)",
					"@executable_path/../Frameworks",
				);
				MACOSX_DEPLOYMENT_TARGET = 12.0;
				MARKETING_VERSION = 1.0;
				PRODUCT_BUNDLE_IDENTIFIER = com.kavsoft.TripAdvisorSpalsh;
				PRODUCT_NAME = TripAdvisorSpalsh;
				SDKROOT = macosx;
				SWIFT_EMIT_LOC_STRINGS = YES;
				SWIFT_VERSION = 5.0;
			};
			name = Release;
		};
		ADC09828276E5320006A8CA3 /* Debug */ = {
			isa = XCBuildConfiguration;
			buildSettings = {
				ALWAYS_EMBED_SWIFT_STANDARD_LIBRARIES = YES;
				CODE_SIGN_STYLE = Automatic;
				CURRENT_PROJECT_VERSION = 1;
				GENERATE_INFOPLIST_FILE = YES;
				IPHONEOS_DEPLOYMENT_TARGET = 15.2;
				MARKETING_VERSION = 1.0;
				PRODUCT_BUNDLE_IDENTIFIER = "com.kavsoft.Tests-iOS";
				PRODUCT_NAME = "$(TARGET_NAME)";
				SDKROOT = iphoneos;
				SWIFT_EMIT_LOC_STRINGS = NO;
				SWIFT_VERSION = 5.0;
				TARGETED_DEVICE_FAMILY = "1,2";
				TEST_TARGET_NAME = "TripAdvisorSpalsh (iOS)";
			};
			name = Debug;
		};
		ADC09829276E5320006A8CA3 /* Release */ = {
			isa = XCBuildConfiguration;
			buildSettings = {
				ALWAYS_EMBED_SWIFT_STANDARD_LIBRARIES = YES;
				CODE_SIGN_STYLE = Automatic;
				CURRENT_PROJECT_VERSION = 1;
				GENERATE_INFOPLIST_FILE = YES;
				IPHONEOS_DEPLOYMENT_TARGET = 15.2;
				MARKETING_VERSION = 1.0;
				PRODUCT_BUNDLE_IDENTIFIER = "com.kavsoft.Tests-iOS";
				PRODUCT_NAME = "$(TARGET_NAME)";
				SDKROOT = iphoneos;
				SWIFT_EMIT_LOC_STRINGS = NO;
				SWIFT_VERSION = 5.0;
				TARGETED_DEVICE_FAMILY = "1,2";
				TEST_TARGET_NAME = "TripAdvisorSpalsh (iOS)";
				VALIDATE_PRODUCT = YES;
			};
			name = Release;
		};
		ADC0982B276E5320006A8CA3 /* Debug */ = {
			isa = XCBuildConfiguration;
			buildSettings = {
				ALWAYS_EMBED_SWIFT_STANDARD_LIBRARIES = YES;
				CODE_SIGN_STYLE = Automatic;
				CURRENT_PROJECT_VERSION = 1;
				GENERATE_INFOPLIST_FILE = YES;
				MACOSX_DEPLOYMENT_TARGET = 12.0;
				MARKETING_VERSION = 1.0;
				PRODUCT_BUNDLE_IDENTIFIER = "com.kavsoft.Tests-macOS";
				PRODUCT_NAME = "$(TARGET_NAME)";
				SDKROOT = macosx;
				SWIFT_EMIT_LOC_STRINGS = NO;
				SWIFT_VERSION = 5.0;
				TEST_TARGET_NAME = "TripAdvisorSpalsh (macOS)";
			};
			name = Debug;
		};
		ADC0982C276E5320006A8CA3 /* Release */ = {
			isa = XCBuildConfiguration;
			buildSettings = {
				ALWAYS_EMBED_SWIFT_STANDARD_LIBRARIES = YES;
				CODE_SIGN_STYLE = Automatic;
				CURRENT_PROJECT_VERSION = 1;
				GENERATE_INFOPLIST_FILE = YES;
				MACOSX_DEPLOYMENT_TARGET = 12.0;
				MARKETING_VERSION = 1.0;
				PRODUCT_BUNDLE_IDENTIFIER = "com.kavsoft.Tests-macOS";
				PRODUCT_NAME = "$(TARGET_NAME)";
				SDKROOT = macosx;
				SWIFT_EMIT_LOC_STRINGS = NO;
				SWIFT_VERSION = 5.0;
				TEST_TARGET_NAME = "TripAdvisorSpalsh (macOS)";
			};
			name = Release;
		};
/* End XCBuildConfiguration section */

/* Begin XCConfigurationList section */
		ADC097EF276E5320006A8CA3 /* Build configuration list for PBXProject "TripAdvisorSpalsh" */ = {
			isa = XCConfigurationList;
			buildConfigurations = (
				ADC0981F276E5320006A8CA3 /* Debug */,
				ADC09820276E5320006A8CA3 /* Release */,
			);
			defaultConfigurationIsVisible = 0;
			defaultConfigurationName = Release;
		};
		ADC09821276E5320006A8CA3 /* Build configuration list for PBXNativeTarget "TripAdvisorSpalsh (iOS)" */ = {
			isa = XCConfigurationList;
			buildConfigurations = (
				ADC09822276E5320006A8CA3 /* Debug */,
				ADC09823276E5320006A8CA3 /* Release */,
			);
			defaultConfigurationIsVisible = 0;
			defaultConfigurationName = Release;
		};
		ADC09824276E5320006A8CA3 /* Build configuration list for PBXNativeTarget "TripAdvisorSpalsh (macOS)" */ = {
			isa = XCConfigurationList;
			buildConfigurations = (
				ADC09825276E5320006A8CA3 /* Debug */,
				ADC09826276E5320006A8CA3 /* Release */,
			);
			defaultConfigurationIsVisible = 0;
			defaultConfigurationName = Release;
		};
		ADC09827276E5320006A8CA3 /* Build configuration list for PBXNativeTarget "Tests iOS" */ = {
			isa = XCConfigurationList;
			buildConfigurations = (
				ADC09828276E5320006A8CA3 /* Debug */,
				ADC09829276E5320006A8CA3 /* Release */,
			);
			defaultConfigurationIsVisible = 0;
			defaultConfigurationName = Release;
		};
		ADC0982A276E5320006A8CA3 /* Build configuration list for PBXNativeTarget "Tests macOS" */ = {
			isa = XCConfigurationList;
			buildConfigurations = (
				ADC0982B276E5320006A8CA3 /* Debug */,
				ADC0982C276E5320006A8CA3 /* Release */,
			);
			defaultConfigurationIsVisible = 0;
			defaultConfigurationName = Release;
		};
/* End XCConfigurationList section */
	};
	rootObject = ADC097EC276E5320006A8CA3 /* Project object */;
}
